
Microsoft Visual Studio Solution File, Format Version 12.00
# Visual Studio Version 16
VisualStudioVersion = 16.0.30204.135
MinimumVisualStudioVersion = 10.0.40219.1
Project("{9A19103F-16F7-4668-BE54-9A1E7A4F7556}") = "CopyDirectory", "CopyDirectory\CopyDirectory.csproj", "{88AA7E21-A924-42F4-A2AF-FFC7A4667171}"
EndProject
Project("{FAE04EC0-301F-11D3-BF4B-00C04F79EFBC}") = "UnitTests", "UnitTests\UnitTests.csproj", "{0306F67E-6ED8-456B-9057-504D3773CC16}"
EndProject
Global
	GlobalSection(SolutionConfigurationPlatforms) = preSolution
		Debug|Any CPU = Debug|Any CPU
		Release|Any CPU = Release|Any CPU
	EndGlobalSection
	GlobalSection(ProjectConfigurationPlatforms) = postSolution
		{88AA7E21-A924-42F4-A2AF-FFC7A4667171}.Debug|Any CPU.ActiveCfg = Debug|Any CPU
		{88AA7E21-A924-42F4-A2AF-FFC7A4667171}.Debug|Any CPU.Build.0 = Debug|Any CPU
		{88AA7E21-A924-42F4-A2AF-FFC7A4667171}.Release|Any CPU.ActiveCfg = Release|Any CPU
		{88AA7E21-A924-42F4-A2AF-FFC7A4667171}.Release|Any CPU.Build.0 = Release|Any CPU
		{0306F67E-6ED8-456B-9057-504D3773CC16}.Debug|Any CPU.ActiveCfg = Debug|Any CPU
		{0306F67E-6ED8-456B-9057-504D3773CC16}.Debug|Any CPU.Build.0 = Debug|Any CPU
		{0306F67E-6ED8-456B-9057-504D3773CC16}.Release|Any CPU.ActiveCfg = Release|Any CPU
		{0306F67E-6ED8-456B-9057-504D3773CC16}.Release|Any CPU.Build.0 = Release|Any CPU
	EndGlobalSection
	GlobalSection(SolutionProperties) = preSolution
		HideSolutionNode = FALSE
	EndGlobalSection
	GlobalSection(ExtensibilityGlobals) = postSolution
		SolutionGuid = {A044C022-C233-4222-BE19-31C35F3158AE}
	EndGlobalSection
EndGlobal
